// !$*UTF8*$!
{
	archiveVersion = 1;
	classes = {
	};
	objectVersion = 48;
	objects = {

/* Begin PBXBuildFile section */
		562925601FC2CE6100E65A48 /* AppDelegate.swift in Sources */ = {isa = PBXBuildFile; fileRef = 5629255F1FC2CE6100E65A48 /* AppDelegate.swift */; };
		564156D91FC569ED007497F6 /* UserCell.swift in Sources */ = {isa = PBXBuildFile; fileRef = 564156D81FC569ED007497F6 /* UserCell.swift */; };
		564D6FA11FC3254D0013D4D0 /* MeVC.swift in Sources */ = {isa = PBXBuildFile; fileRef = 564D6FA01FC3254D0013D4D0 /* MeVC.swift */; };
		565A64831FCDA1C700A8E95D /* GroupCell.swift in Sources */ = {isa = PBXBuildFile; fileRef = 565A64821FCDA1C700A8E95D /* GroupCell.swift */; };
		565A64851FCDB10500A8E95D /* Group.swift in Sources */ = {isa = PBXBuildFile; fileRef = 565A64841FCDB10500A8E95D /* Group.swift */; };
		565A64871FCDC72100A8E95D /* GroupFeedCell.swift in Sources */ = {isa = PBXBuildFile; fileRef = 565A64861FCDC72100A8E95D /* GroupFeedCell.swift */; };
		565A64891FCDC79F00A8E95D /* GroupFeedVC.swift in Sources */ = {isa = PBXBuildFile; fileRef = 565A64881FCDC79F00A8E95D /* GroupFeedVC.swift */; };
		5679FCF21FC451E200D793D2 /* Message.swift in Sources */ = {isa = PBXBuildFile; fileRef = 5679FCF11FC451E200D793D2 /* Message.swift */; };
		5679FCF61FC45C9E00D793D2 /* FeedCell.swift in Sources */ = {isa = PBXBuildFile; fileRef = 5679FCF51FC45C9E00D793D2 /* FeedCell.swift */; };
		5679FCF81FC4D96100D793D2 /* CreateGroupsVC.swift in Sources */ = {isa = PBXBuildFile; fileRef = 5679FCF71FC4D96100D793D2 /* CreateGroupsVC.swift */; };
		56AC28FE1FC2028300CF1E06 /* AuthVC.swift in Sources */ = {isa = PBXBuildFile; fileRef = 56AC28FD1FC2028300CF1E06 /* AuthVC.swift */; };
		56AC29001FC2029100CF1E06 /* LoginVC.swift in Sources */ = {isa = PBXBuildFile; fileRef = 56AC28FF1FC2029100CF1E06 /* LoginVC.swift */; };
		56AC29021FC203A000CF1E06 /* InsetTextField.swift in Sources */ = {isa = PBXBuildFile; fileRef = 56AC29011FC203A000CF1E06 /* InsetTextField.swift */; };
		56AC29041FC2086700CF1E06 /* ShadowView.swift in Sources */ = {isa = PBXBuildFile; fileRef = 56AC29031FC2086700CF1E06 /* ShadowView.swift */; };
		56AC29061FC20A7700CF1E06 /* AuthService.swift in Sources */ = {isa = PBXBuildFile; fileRef = 56AC29051FC20A7700CF1E06 /* AuthService.swift */; };
		56BA6F6F1FC0C79000589437 /* FeedVC.swift in Sources */ = {isa = PBXBuildFile; fileRef = 56BA6F6E1FC0C79000589437 /* FeedVC.swift */; };
		56BA6F711FC0C79000589437 /* GroupsVC.swift in Sources */ = {isa = PBXBuildFile; fileRef = 56BA6F701FC0C79000589437 /* GroupsVC.swift */; };
		56BA6F761FC0C79000589437 /* Assets.xcassets in Resources */ = {isa = PBXBuildFile; fileRef = 56BA6F751FC0C79000589437 /* Assets.xcassets */; };
		56BA6F791FC0C79000589437 /* LaunchScreen.storyboard in Resources */ = {isa = PBXBuildFile; fileRef = 56BA6F771FC0C79000589437 /* LaunchScreen.storyboard */; };
		56BA6F871FC0CCB700589437 /* GoogleService-Info.plist in Resources */ = {isa = PBXBuildFile; fileRef = 56BA6F861FC0CCB700589437 /* GoogleService-Info.plist */; };
		56C9D1D51FC0D110002554D4 /* DataService.swift in Sources */ = {isa = PBXBuildFile; fileRef = 56C9D1D41FC0D110002554D4 /* DataService.swift */; };
		56DFD4F01FCFF0BF00C3D918 /* UIViewControllerExt.swift in Sources */ = {isa = PBXBuildFile; fileRef = 56DFD4EF1FCFF0BF00C3D918 /* UIViewControllerExt.swift */; };
		56E0E6741FC4326500BF0303 /* CreatePostVC.swift in Sources */ = {isa = PBXBuildFile; fileRef = 56E0E6731FC4326500BF0303 /* CreatePostVC.swift */; };
		56E0E6751FC4382300BF0303 /* Main.storyboard in Resources */ = {isa = PBXBuildFile; fileRef = 56BA6F721FC0C79000589437 /* Main.storyboard */; };
		56E0E6771FC43C4600BF0303 /* UIViewExt.swift in Sources */ = {isa = PBXBuildFile; fileRef = 56E0E6761FC43C4600BF0303 /* UIViewExt.swift */; };
		F6CF0AB31A9719A1B148702F /* Pods_breakpoint.framework in Frameworks */ = {isa = PBXBuildFile; fileRef = 2B61D9BF358E8A99457B2DBD /* Pods_breakpoint.framework */; };
/* End PBXBuildFile section */

/* Begin PBXFileReference section */
		20B5EAFEEA972746B9C348D0 /* Pods-breakpoint.release.xcconfig */ = {isa = PBXFileReference; includeInIndex = 1; lastKnownFileType = text.xcconfig; name = "Pods-breakpoint.release.xcconfig"; path = "Pods/Target Support Files/Pods-breakpoint/Pods-breakpoint.release.xcconfig"; sourceTree = "<group>"; };
		2B61D9BF358E8A99457B2DBD /* Pods_breakpoint.framework */ = {isa = PBXFileReference; explicitFileType = wrapper.framework; includeInIndex = 0; path = Pods_breakpoint.framework; sourceTree = BUILT_PRODUCTS_DIR; };
		5629255F1FC2CE6100E65A48 /* AppDelegate.swift */ = {isa = PBXFileReference; lastKnownFileType = sourcecode.swift; name = AppDelegate.swift; path = /Users/sergiysachuk/Desktop/iOS/breakpoint/breakpoint/AppDelegate.swift; sourceTree = "<absolute>"; };
		564156D81FC569ED007497F6 /* UserCell.swift */ = {isa = PBXFileReference; lastKnownFileType = sourcecode.swift; path = UserCell.swift; sourceTree = "<group>"; };
		564D6FA01FC3254D0013D4D0 /* MeVC.swift */ = {isa = PBXFileReference; lastKnownFileType = sourcecode.swift; path = MeVC.swift; sourceTree = "<group>"; };
		565A64821FCDA1C700A8E95D /* GroupCell.swift */ = {isa = PBXFileReference; lastKnownFileType = sourcecode.swift; path = GroupCell.swift; sourceTree = "<group>"; };
		565A64841FCDB10500A8E95D /* Group.swift */ = {isa = PBXFileReference; lastKnownFileType = sourcecode.swift; path = Group.swift; sourceTree = "<group>"; };
		565A64861FCDC72100A8E95D /* GroupFeedCell.swift */ = {isa = PBXFileReference; lastKnownFileType = sourcecode.swift; path = GroupFeedCell.swift; sourceTree = "<group>"; };
		565A64881FCDC79F00A8E95D /* GroupFeedVC.swift */ = {isa = PBXFileReference; lastKnownFileType = sourcecode.swift; path = GroupFeedVC.swift; sourceTree = "<group>"; };
		5679FCF11FC451E200D793D2 /* Message.swift */ = {isa = PBXFileReference; lastKnownFileType = sourcecode.swift; path = Message.swift; sourceTree = "<group>"; };
		5679FCF51FC45C9E00D793D2 /* FeedCell.swift */ = {isa = PBXFileReference; lastKnownFileType = sourcecode.swift; path = FeedCell.swift; sourceTree = "<group>"; };
		5679FCF71FC4D96100D793D2 /* CreateGroupsVC.swift */ = {isa = PBXFileReference; lastKnownFileType = sourcecode.swift; path = CreateGroupsVC.swift; sourceTree = "<group>"; };
		56AC28FD1FC2028300CF1E06 /* AuthVC.swift */ = {isa = PBXFileReference; lastKnownFileType = sourcecode.swift; path = AuthVC.swift; sourceTree = "<group>"; };
		56AC28FF1FC2029100CF1E06 /* LoginVC.swift */ = {isa = PBXFileReference; lastKnownFileType = sourcecode.swift; path = LoginVC.swift; sourceTree = "<group>"; };
		56AC29011FC203A000CF1E06 /* InsetTextField.swift */ = {isa = PBXFileReference; lastKnownFileType = sourcecode.swift; path = InsetTextField.swift; sourceTree = "<group>"; };
		56AC29031FC2086700CF1E06 /* ShadowView.swift */ = {isa = PBXFileReference; lastKnownFileType = sourcecode.swift; path = ShadowView.swift; sourceTree = "<group>"; };
		56AC29051FC20A7700CF1E06 /* AuthService.swift */ = {isa = PBXFileReference; lastKnownFileType = sourcecode.swift; path = AuthService.swift; sourceTree = "<group>"; };
		56BA6F691FC0C79000589437 /* breakpoint.app */ = {isa = PBXFileReference; explicitFileType = wrapper.application; includeInIndex = 0; path = breakpoint.app; sourceTree = BUILT_PRODUCTS_DIR; };
		56BA6F6E1FC0C79000589437 /* FeedVC.swift */ = {isa = PBXFileReference; lastKnownFileType = sourcecode.swift; path = FeedVC.swift; sourceTree = "<group>"; };
		56BA6F701FC0C79000589437 /* GroupsVC.swift */ = {isa = PBXFileReference; lastKnownFileType = sourcecode.swift; path = GroupsVC.swift; sourceTree = "<group>"; };
		56BA6F731FC0C79000589437 /* Base */ = {isa = PBXFileReference; lastKnownFileType = file.storyboard; name = Base; path = Base.lproj/Main.storyboard; sourceTree = "<group>"; };
		56BA6F751FC0C79000589437 /* Assets.xcassets */ = {isa = PBXFileReference; lastKnownFileType = folder.assetcatalog; path = Assets.xcassets; sourceTree = "<group>"; };
		56BA6F781FC0C79000589437 /* Base */ = {isa = PBXFileReference; lastKnownFileType = file.storyboard; name = Base; path = Base.lproj/LaunchScreen.storyboard; sourceTree = "<group>"; };
		56BA6F7A1FC0C79000589437 /* Info.plist */ = {isa = PBXFileReference; lastKnownFileType = text.plist.xml; path = Info.plist; sourceTree = "<group>"; };
		56BA6F861FC0CCB700589437 /* GoogleService-Info.plist */ = {isa = PBXFileReference; fileEncoding = 4; lastKnownFileType = text.plist.xml; path = "GoogleService-Info.plist"; sourceTree = "<group>"; };
		56C9D1D41FC0D110002554D4 /* DataService.swift */ = {isa = PBXFileReference; lastKnownFileType = sourcecode.swift; path = DataService.swift; sourceTree = "<group>"; };
		56DFD4EF1FCFF0BF00C3D918 /* UIViewControllerExt.swift */ = {isa = PBXFileReference; lastKnownFileType = sourcecode.swift; path = UIViewControllerExt.swift; sourceTree = "<group>"; };
		56E0E6731FC4326500BF0303 /* CreatePostVC.swift */ = {isa = PBXFileReference; lastKnownFileType = sourcecode.swift; path = CreatePostVC.swift; sourceTree = "<group>"; };
		56E0E6761FC43C4600BF0303 /* UIViewExt.swift */ = {isa = PBXFileReference; lastKnownFileType = sourcecode.swift; path = UIViewExt.swift; sourceTree = "<group>"; };
		F58C50EB2540BBC6B1927C37 /* Pods-breakpoint.debug.xcconfig */ = {isa = PBXFileReference; includeInIndex = 1; lastKnownFileType = text.xcconfig; name = "Pods-breakpoint.debug.xcconfig"; path = "Pods/Target Support Files/Pods-breakpoint/Pods-breakpoint.debug.xcconfig"; sourceTree = "<group>"; };
/* End PBXFileReference section */

/* Begin PBXFrameworksBuildPhase section */
		56BA6F661FC0C79000589437 /* Frameworks */ = {
			isa = PBXFrameworksBuildPhase;
			buildActionMask = 2147483647;
			files = (
				F6CF0AB31A9719A1B148702F /* Pods_breakpoint.framework in Frameworks */,
			);
			runOnlyForDeploymentPostprocessing = 0;
		};
/* End PBXFrameworksBuildPhase section */

/* Begin PBXGroup section */
		56BA6F601FC0C79000589437 = {
			isa = PBXGroup;
			children = (
				56BA6F6B1FC0C79000589437 /* breakpoint */,
				56BA6F6A1FC0C79000589437 /* Products */,
				85FCA31076D3EAD9E9EB76B9 /* Pods */,
				B50F5672EB56DAB1D51D96C3 /* Frameworks */,
			);
			sourceTree = "<group>";
		};
		56BA6F6A1FC0C79000589437 /* Products */ = {
			isa = PBXGroup;
			children = (
				56BA6F691FC0C79000589437 /* breakpoint.app */,
			);
			name = Products;
			sourceTree = "<group>";
		};
		56BA6F6B1FC0C79000589437 /* breakpoint */ = {
			isa = PBXGroup;
			children = (
				56BA6F851FC0C92400589437 /* Services */,
				56BA6F841FC0C91A00589437 /* Extensions */,
				56BA6F831FC0C91400589437 /* Model */,
				56BA6F821FC0C91000589437 /* View */,
				56BA6F811FC0C90100589437 /* Controller */,
				56BA6F721FC0C79000589437 /* Main.storyboard */,
				5629255F1FC2CE6100E65A48 /* AppDelegate.swift */,
				56BA6F751FC0C79000589437 /* Assets.xcassets */,
				56BA6F771FC0C79000589437 /* LaunchScreen.storyboard */,
				56BA6F7A1FC0C79000589437 /* Info.plist */,
				56BA6F861FC0CCB700589437 /* GoogleService-Info.plist */,
			);
			path = breakpoint;
			sourceTree = "<group>";
		};
		56BA6F811FC0C90100589437 /* Controller */ = {
			isa = PBXGroup;
			children = (
				56BA6F6E1FC0C79000589437 /* FeedVC.swift */,
				56BA6F701FC0C79000589437 /* GroupsVC.swift */,
				56AC28FD1FC2028300CF1E06 /* AuthVC.swift */,
				56AC28FF1FC2029100CF1E06 /* LoginVC.swift */,
				564D6FA01FC3254D0013D4D0 /* MeVC.swift */,
				56E0E6731FC4326500BF0303 /* CreatePostVC.swift */,
				5679FCF71FC4D96100D793D2 /* CreateGroupsVC.swift */,
				565A64881FCDC79F00A8E95D /* GroupFeedVC.swift */,
			);
			path = Controller;
			sourceTree = "<group>";
		};
		56BA6F821FC0C91000589437 /* View */ = {
			isa = PBXGroup;
			children = (
				56AC29011FC203A000CF1E06 /* InsetTextField.swift */,
				56AC29031FC2086700CF1E06 /* ShadowView.swift */,
				5679FCF51FC45C9E00D793D2 /* FeedCell.swift */,
				564156D81FC569ED007497F6 /* UserCell.swift */,
				565A64821FCDA1C700A8E95D /* GroupCell.swift */,
				565A64861FCDC72100A8E95D /* GroupFeedCell.swift */,
			);
			path = View;
			sourceTree = "<group>";
		};
		56BA6F831FC0C91400589437 /* Model */ = {
			isa = PBXGroup;
			children = (
				5679FCF11FC451E200D793D2 /* Message.swift */,
				565A64841FCDB10500A8E95D /* Group.swift */,
			);
			path = Model;
			sourceTree = "<group>";
		};
		56BA6F841FC0C91A00589437 /* Extensions */ = {
			isa = PBXGroup;
			children = (
				56E0E6761FC43C4600BF0303 /* UIViewExt.swift */,
				56DFD4EF1FCFF0BF00C3D918 /* UIViewControllerExt.swift */,
			);
			path = Extensions;
			sourceTree = "<group>";
		};
		56BA6F851FC0C92400589437 /* Services */ = {
			isa = PBXGroup;
			children = (
				56C9D1D41FC0D110002554D4 /* DataService.swift */,
				56AC29051FC20A7700CF1E06 /* AuthService.swift */,
			);
			path = Services;
			sourceTree = "<group>";
		};
		85FCA31076D3EAD9E9EB76B9 /* Pods */ = {
			isa = PBXGroup;
			children = (
				F58C50EB2540BBC6B1927C37 /* Pods-breakpoint.debug.xcconfig */,
				20B5EAFEEA972746B9C348D0 /* Pods-breakpoint.release.xcconfig */,
			);
			name = Pods;
			sourceTree = "<group>";
		};
		B50F5672EB56DAB1D51D96C3 /* Frameworks */ = {
			isa = PBXGroup;
			children = (
				2B61D9BF358E8A99457B2DBD /* Pods_breakpoint.framework */,
			);
			name = Frameworks;
			sourceTree = "<group>";
		};
/* End PBXGroup section */

/* Begin PBXNativeTarget section */
		56BA6F681FC0C79000589437 /* breakpoint */ = {
			isa = PBXNativeTarget;
			buildConfigurationList = 56BA6F7D1FC0C79000589437 /* Build configuration list for PBXNativeTarget "breakpoint" */;
			buildPhases = (
				BFFC275FA48015DA639BC902 /* [CP] Check Pods Manifest.lock */,
				56BA6F651FC0C79000589437 /* Sources */,
				56BA6F661FC0C79000589437 /* Frameworks */,
				56BA6F671FC0C79000589437 /* Resources */,
				D4ECF971ADB5C7E95BD8CD1C /* [CP] Embed Pods Frameworks */,
				B07D6F9974851D8BF63AB8D8 /* [CP] Copy Pods Resources */,
			);
			buildRules = (
			);
			dependencies = (
			);
			name = breakpoint;
			productName = breakpoint;
			productReference = 56BA6F691FC0C79000589437 /* breakpoint.app */;
			productType = "com.apple.product-type.application";
		};
/* End PBXNativeTarget section */

/* Begin PBXProject section */
		56BA6F611FC0C79000589437 /* Project object */ = {
			isa = PBXProject;
			attributes = {
				LastSwiftUpdateCheck = 0910;
				LastUpgradeCheck = 0910;
				ORGANIZATIONNAME = "Sergiy Sachuk";
				TargetAttributes = {
					56BA6F681FC0C79000589437 = {
						CreatedOnToolsVersion = 9.1;
						ProvisioningStyle = Automatic;
					};
				};
			};
			buildConfigurationList = 56BA6F641FC0C79000589437 /* Build configuration list for PBXProject "breakpoint" */;
			compatibilityVersion = "Xcode 8.0";
			developmentRegion = en;
			hasScannedForEncodings = 0;
			knownRegions = (
				en,
				Base,
			);
			mainGroup = 56BA6F601FC0C79000589437;
			productRefGroup = 56BA6F6A1FC0C79000589437 /* Products */;
			projectDirPath = "";
			projectRoot = "";
			targets = (
				56BA6F681FC0C79000589437 /* breakpoint */,
			);
		};
/* End PBXProject section */

/* Begin PBXResourcesBuildPhase section */
		56BA6F671FC0C79000589437 /* Resources */ = {
			isa = PBXResourcesBuildPhase;
			buildActionMask = 2147483647;
			files = (
				56BA6F791FC0C79000589437 /* LaunchScreen.storyboard in Resources */,
				56BA6F871FC0CCB700589437 /* GoogleService-Info.plist in Resources */,
				56BA6F761FC0C79000589437 /* Assets.xcassets in Resources */,
				56E0E6751FC4382300BF0303 /* Main.storyboard in Resources */,
			);
			runOnlyForDeploymentPostprocessing = 0;
		};
/* End PBXResourcesBuildPhase section */

/* Begin PBXShellScriptBuildPhase section */
		B07D6F9974851D8BF63AB8D8 /* [CP] Copy Pods Resources */ = {
			isa = PBXShellScriptBuildPhase;
			buildActionMask = 2147483647;
			files = (
			);
			inputPaths = (
			);
			name = "[CP] Copy Pods Resources";
			outputPaths = (
			);
			runOnlyForDeploymentPostprocessing = 0;
			shellPath = /bin/sh;
			shellScript = "\"${SRCROOT}/Pods/Target Support Files/Pods-breakpoint/Pods-breakpoint-resources.sh\"\n";
			showEnvVarsInLog = 0;
		};
		BFFC275FA48015DA639BC902 /* [CP] Check Pods Manifest.lock */ = {
			isa = PBXShellScriptBuildPhase;
			buildActionMask = 2147483647;
			files = (
			);
			inputPaths = (
				"${PODS_PODFILE_DIR_PATH}/Podfile.lock",
				"${PODS_ROOT}/Manifest.lock",
			);
			name = "[CP] Check Pods Manifest.lock";
			outputPaths = (
				"$(DERIVED_FILE_DIR)/Pods-breakpoint-checkManifestLockResult.txt",
			);
			runOnlyForDeploymentPostprocessing = 0;
			shellPath = /bin/sh;
			shellScript = "diff \"${PODS_PODFILE_DIR_PATH}/Podfile.lock\" \"${PODS_ROOT}/Manifest.lock\" > /dev/null\nif [ $? != 0 ] ; then\n    # print error to STDERR\n    echo \"error: The sandbox is not in sync with the Podfile.lock. Run 'pod install' or update your CocoaPods installation.\" >&2\n    exit 1\nfi\n# This output is used by Xcode 'outputs' to avoid re-running this script phase.\necho \"SUCCESS\" > \"${SCRIPT_OUTPUT_FILE_0}\"\n";
			showEnvVarsInLog = 0;
		};
		D4ECF971ADB5C7E95BD8CD1C /* [CP] Embed Pods Frameworks */ = {
			isa = PBXShellScriptBuildPhase;
			buildActionMask = 2147483647;
			files = (
			);
			inputPaths = (
				"${SRCROOT}/Pods/Target Support Files/Pods-breakpoint/Pods-breakpoint-frameworks.sh",
				"${BUILT_PRODUCTS_DIR}/GTMSessionFetcher/GTMSessionFetcher.framework",
				"${BUILT_PRODUCTS_DIR}/GoogleToolboxForMac/GoogleToolboxForMac.framework",
				"${BUILT_PRODUCTS_DIR}/leveldb-library/leveldb.framework",
				"${BUILT_PRODUCTS_DIR}/nanopb/nanopb.framework",
			);
			name = "[CP] Embed Pods Frameworks";
			outputPaths = (
				"${TARGET_BUILD_DIR}/${FRAMEWORKS_FOLDER_PATH}/GTMSessionFetcher.framework",
				"${TARGET_BUILD_DIR}/${FRAMEWORKS_FOLDER_PATH}/GoogleToolboxForMac.framework",
				"${TARGET_BUILD_DIR}/${FRAMEWORKS_FOLDER_PATH}/leveldb.framework",
				"${TARGET_BUILD_DIR}/${FRAMEWORKS_FOLDER_PATH}/nanopb.framework",
			);
			runOnlyForDeploymentPostprocessing = 0;
			shellPath = /bin/sh;
			shellScript = "\"${SRCROOT}/Pods/Target Support Files/Pods-breakpoint/Pods-breakpoint-frameworks.sh\"\n";
			showEnvVarsInLog = 0;
		};
/* End PBXShellScriptBuildPhase section */

/* Begin PBXSourcesBuildPhase section */
		56BA6F651FC0C79000589437 /* Sources */ = {
			isa = PBXSourcesBuildPhase;
			buildActionMask = 2147483647;
			files = (
				56E0E6771FC43C4600BF0303 /* UIViewExt.swift in Sources */,
				564D6FA11FC3254D0013D4D0 /* MeVC.swift in Sources */,
				56AC28FE1FC2028300CF1E06 /* AuthVC.swift in Sources */,
				565A64831FCDA1C700A8E95D /* GroupCell.swift in Sources */,
				56BA6F711FC0C79000589437 /* GroupsVC.swift in Sources */,
				56DFD4F01FCFF0BF00C3D918 /* UIViewControllerExt.swift in Sources */,
				56AC29001FC2029100CF1E06 /* LoginVC.swift in Sources */,
				565A64891FCDC79F00A8E95D /* GroupFeedVC.swift in Sources */,
				565A64871FCDC72100A8E95D /* GroupFeedCell.swift in Sources */,
				562925601FC2CE6100E65A48 /* AppDelegate.swift in Sources */,
				56AC29061FC20A7700CF1E06 /* AuthService.swift in Sources */,
				5679FCF81FC4D96100D793D2 /* CreateGroupsVC.swift in Sources */,
				565A64851FCDB10500A8E95D /* Group.swift in Sources */,
				564156D91FC569ED007497F6 /* UserCell.swift in Sources */,
				56AC29041FC2086700CF1E06 /* ShadowView.swift in Sources */,
				56E0E6741FC4326500BF0303 /* CreatePostVC.swift in Sources */,
				5679FCF21FC451E200D793D2 /* Message.swift in Sources */,
				5679FCF61FC45C9E00D793D2 /* FeedCell.swift in Sources */,
				56BA6F6F1FC0C79000589437 /* FeedVC.swift in Sources */,
				56AC29021FC203A000CF1E06 /* InsetTextField.swift in Sources */,
				56C9D1D51FC0D110002554D4 /* DataService.swift in Sources */,
			);
			runOnlyForDeploymentPostprocessing = 0;
		};
/* End PBXSourcesBuildPhase section */

/* Begin PBXVariantGroup section */
		56BA6F721FC0C79000589437 /* Main.storyboard */ = {
			isa = PBXVariantGroup;
			children = (
				56BA6F731FC0C79000589437 /* Base */,
			);
			name = Main.storyboard;
			sourceTree = "<group>";
		};
		56BA6F771FC0C79000589437 /* LaunchScreen.storyboard */ = {
			isa = PBXVariantGroup;
			children = (
				56BA6F781FC0C79000589437 /* Base */,
			);
			name = LaunchScreen.storyboard;
			sourceTree = "<group>";
		};
/* End PBXVariantGroup section */

/* Begin XCBuildConfiguration section */
		56BA6F7B1FC0C79000589437 /* Debug */ = {
			isa = XCBuildConfiguration;
			buildSettings = {
				ALWAYS_SEARCH_USER_PATHS = NO;
				CLANG_ANALYZER_NONNULL = YES;
				CLANG_ANALYZER_NUMBER_OBJECT_CONVERSION = YES_AGGRESSIVE;
				CLANG_CXX_LANGUAGE_STANDARD = "gnu++14";
				CLANG_CXX_LIBRARY = "libc++";
				CLANG_ENABLE_MODULES = YES;
				CLANG_ENABLE_OBJC_ARC = YES;
				CLANG_WARN_BLOCK_CAPTURE_AUTORELEASING = YES;
				CLANG_WARN_BOOL_CONVERSION = YES;
				CLANG_WARN_COMMA = YES;
				CLANG_WARN_CONSTANT_CONVERSION = YES;
				CLANG_WARN_DIRECT_OBJC_ISA_USAGE = YES_ERROR;
				CLANG_WARN_DOCUMENTATION_COMMENTS = YES;
				CLANG_WARN_EMPTY_BODY = YES;
				CLANG_WARN_ENUM_CONVERSION = YES;
				CLANG_WARN_INFINITE_RECURSION = YES;
				CLANG_WARN_INT_CONVERSION = YES;
				CLANG_WARN_NON_LITERAL_NULL_CONVERSION = YES;
				CLANG_WARN_OBJC_LITERAL_CONVERSION = YES;
				CLANG_WARN_OBJC_ROOT_CLASS = YES_ERROR;
				CLANG_WARN_RANGE_LOOP_ANALYSIS = YES;
				CLANG_WARN_STRICT_PROTOTYPES = YES;
				CLANG_WARN_SUSPICIOUS_MOVE = YES;
				CLANG_WARN_UNGUARDED_AVAILABILITY = YES_AGGRESSIVE;
				CLANG_WARN_UNREACHABLE_CODE = YES;
				CLANG_WARN__DUPLICATE_METHOD_MATCH = YES;
				CODE_SIGN_IDENTITY = "iPhone Developer";
				COPY_PHASE_STRIP = NO;
				DEBUG_INFORMATION_FORMAT = dwarf;
				ENABLE_STRICT_OBJC_MSGSEND = YES;
				ENABLE_TESTABILITY = YES;
				GCC_C_LANGUAGE_STANDARD = gnu11;
				GCC_DYNAMIC_NO_PIC = NO;
				GCC_NO_COMMON_BLOCKS = YES;
				GCC_OPTIMIZATION_LEVEL = 0;
				GCC_PREPROCESSOR_DEFINITIONS = (
					"DEBUG=1",
					"$(inherited)",
				);
				GCC_WARN_64_TO_32_BIT_CONVERSION = YES;
				GCC_WARN_ABOUT_RETURN_TYPE = YES_ERROR;
				GCC_WARN_UNDECLARED_SELECTOR = YES;
				GCC_WARN_UNINITIALIZED_AUTOS = YES_AGGRESSIVE;
				GCC_WARN_UNUSED_FUNCTION = YES;
				GCC_WARN_UNUSED_VARIABLE = YES;
				IPHONEOS_DEPLOYMENT_TARGET = 11.1;
				MTL_ENABLE_DEBUG_INFO = YES;
				ONLY_ACTIVE_ARCH = YES;
				SDKROOT = iphoneos;
				SWIFT_ACTIVE_COMPILATION_CONDITIONS = DEBUG;
				SWIFT_OPTIMIZATION_LEVEL = "-Onone";
			};
			name = Debug;
		};
		56BA6F7C1FC0C79000589437 /* Release */ = {
			isa = XCBuildConfiguration;
			buildSettings = {
				ALWAYS_SEARCH_USER_PATHS = NO;
				CLANG_ANALYZER_NONNULL = YES;
				CLANG_ANALYZER_NUMBER_OBJECT_CONVERSION = YES_AGGRESSIVE;
				CLANG_CXX_LANGUAGE_STANDARD = "gnu++14";
				CLANG_CXX_LIBRARY = "libc++";
				CLANG_ENABLE_MODULES = YES;
				CLANG_ENABLE_OBJC_ARC = YES;
				CLANG_WARN_BLOCK_CAPTURE_AUTORELEASING = YES;
				CLANG_WARN_BOOL_CONVERSION = YES;
				CLANG_WARN_COMMA = YES;
				CLANG_WARN_CONSTANT_CONVERSION = YES;
				CLANG_WARN_DIRECT_OBJC_ISA_USAGE = YES_ERROR;
				CLANG_WARN_DOCUMENTATION_COMMENTS = YES;
				CLANG_WARN_EMPTY_BODY = YES;
				CLANG_WARN_ENUM_CONVERSION = YES;
				CLANG_WARN_INFINITE_RECURSION = YES;
				CLANG_WARN_INT_CONVERSION = YES;
				CLANG_WARN_NON_LITERAL_NULL_CONVERSION = YES;
				CLANG_WARN_OBJC_LITERAL_CONVERSION = YES;
				CLANG_WARN_OBJC_ROOT_CLASS = YES_ERROR;
				CLANG_WARN_RANGE_LOOP_ANALYSIS = YES;
				CLANG_WARN_STRICT_PROTOTYPES = YES;
				CLANG_WARN_SUSPICIOUS_MOVE = YES;
				CLANG_WARN_UNGUARDED_AVAILABILITY = YES_AGGRESSIVE;
				CLANG_WARN_UNREACHABLE_CODE = YES;
				CLANG_WARN__DUPLICATE_METHOD_MATCH = YES;
				CODE_SIGN_IDENTITY = "iPhone Developer";
				COPY_PHASE_STRIP = NO;
				DEBUG_INFORMATION_FORMAT = "dwarf-with-dsym";
				ENABLE_NS_ASSERTIONS = NO;
				ENABLE_STRICT_OBJC_MSGSEND = YES;
				GCC_C_LANGUAGE_STANDARD = gnu11;
				GCC_NO_COMMON_BLOCKS = YES;
				GCC_WARN_64_TO_32_BIT_CONVERSION = YES;
				GCC_WARN_ABOUT_RETURN_TYPE = YES_ERROR;
				GCC_WARN_UNDECLARED_SELECTOR = YES;
				GCC_WARN_UNINITIALIZED_AUTOS = YES_AGGRESSIVE;
				GCC_WARN_UNUSED_FUNCTION = YES;
				GCC_WARN_UNUSED_VARIABLE = YES;
				IPHONEOS_DEPLOYMENT_TARGET = 11.1;
				MTL_ENABLE_DEBUG_INFO = NO;
				SDKROOT = iphoneos;
				SWIFT_OPTIMIZATION_LEVEL = "-Owholemodule";
				VALIDATE_PRODUCT = YES;
			};
			name = Release;
		};
		56BA6F7E1FC0C79000589437 /* Debug */ = {
			isa = XCBuildConfiguration;
			baseConfigurationReference = F58C50EB2540BBC6B1927C37 /* Pods-breakpoint.debug.xcconfig */;
			buildSettings = {
				ASSETCATALOG_COMPILER_APPICON_NAME = AppIcon;
				CODE_SIGN_STYLE = Automatic;
				DEVELOPMENT_TEAM = 5RTAWRP7KM;
				INFOPLIST_FILE = breakpoint/Info.plist;
				LD_RUNPATH_SEARCH_PATHS = "$(inherited) @executable_path/Frameworks";
				PRODUCT_BUNDLE_IDENTIFIER = com.reybravin.breakpoint;
				PRODUCT_NAME = "$(TARGET_NAME)";
				SWIFT_VERSION = 4.0;
				TARGETED_DEVICE_FAMILY = "1,2";
			};
			name = Debug;
		};
		56BA6F7F1FC0C79000589437 /* Release */ = {
			isa = XCBuildConfiguration;
			baseConfigurationReference = 20B5EAFEEA972746B9C348D0 /* Pods-breakpoint.release.xcconfig */;
			buildSettings = {
				ASSETCATALOG_COMPILER_APPICON_NAME = AppIcon;
				CODE_SIGN_STYLE = Automatic;
				DEVELOPMENT_TEAM = 5RTAWRP7KM;
				INFOPLIST_FILE = breakpoint/Info.plist;
				LD_RUNPATH_SEARCH_PATHS = "$(inherited) @executable_path/Frameworks";
				PRODUCT_BUNDLE_IDENTIFIER = com.reybravin.breakpoint;
				PRODUCT_NAME = "$(TARGET_NAME)";
				SWIFT_VERSION = 4.0;
				TARGETED_DEVICE_FAMILY = "1,2";
			};
			name = Release;
		};
/* End XCBuildConfiguration section */

/* Begin XCConfigurationList section */
		56BA6F641FC0C79000589437 /* Build configuration list for PBXProject "breakpoint" */ = {
			isa = XCConfigurationList;
			buildConfigurations = (
				56BA6F7B1FC0C79000589437 /* Debug */,
				56BA6F7C1FC0C79000589437 /* Release */,
			);
			defaultConfigurationIsVisible = 0;
			defaultConfigurationName = Release;
		};
		56BA6F7D1FC0C79000589437 /* Build configuration list for PBXNativeTarget "breakpoint" */ = {
			isa = XCConfigurationList;
			buildConfigurations = (
				56BA6F7E1FC0C79000589437 /* Debug */,
				56BA6F7F1FC0C79000589437 /* Release */,
			);
			defaultConfigurationIsVisible = 0;
			defaultConfigurationName = Release;
		};
/* End XCConfigurationList section */
	};
	rootObject = 56BA6F611FC0C79000589437 /* Project object */;
}
